{
    "_readme": [
        "This file locks the dependencies of your project to a known state",
        "Read more about it at https://getcomposer.org/doc/01-basic-usage.md#installing-dependencies",
        "This file is @generated automatically"
    ],
    "content-hash": "9222092b466dd8492bc213a83fc71813",
    "packages": [
        {
            "name": "phpstan/phpstan",
            "version": "1.11.6",
            "source": {
                "type": "git",
                "url": "https://github.com/phpstan/phpstan.git",
                "reference": "6ac78f1165346c83b4a753f7e4186d969c6ad0ee"
            },
            "dist": {
                "type": "zip",
                "url": "https://api.github.com/repos/phpstan/phpstan/zipball/6ac78f1165346c83b4a753f7e4186d969c6ad0ee",
                "reference": "6ac78f1165346c83b4a753f7e4186d969c6ad0ee",
                "shasum": ""
            },
            "require": {
                "php": "^7.2|^8.0"
            },
            "conflict": {
                "phpstan/phpstan-shim": "*"
            },
            "bin": [
                "phpstan",
                "phpstan.phar"
            ],
            "type": "library",
            "autoload": {
                "files": [
                    "bootstrap.php"
                ]
            },
            "notification-url": "https://packagist.org/downloads/",
            "license": [
                "MIT"
            ],
            "description": "PHPStan - PHP Static Analysis Tool",
            "keywords": [
                "dev",
                "static analysis"
            ],
            "support": {
                "docs": "https://phpstan.org/user-guide/getting-started",
                "forum": "https://github.com/phpstan/phpstan/discussions",
                "issues": "https://github.com/phpstan/phpstan/issues",
                "security": "https://github.com/phpstan/phpstan/security/policy",
                "source": "https://github.com/phpstan/phpstan-src"
            },
            "funding": [
                {
                    "url": "https://github.com/ondrejmirtes",
                    "type": "github"
                },
                {
                    "url": "https://github.com/phpstan",
                    "type": "github"
                }
            ],
            "time": "2024-07-01T15:33:06+00:00"
        },
        {
            "name": "phpstan/phpstan-symfony",
            "version": "1.4.5",
            "source": {
                "type": "git",
                "url": "https://github.com/phpstan/phpstan-symfony.git",
                "reference": "1bd7c339f622dfb5a1a97dcaf1a862734eabfa1d"
            },
            "dist": {
                "type": "zip",
                "url": "https://api.github.com/repos/phpstan/phpstan-symfony/zipball/1bd7c339f622dfb5a1a97dcaf1a862734eabfa1d",
                "reference": "1bd7c339f622dfb5a1a97dcaf1a862734eabfa1d",
                "shasum": ""
            },
            "require": {
                "ext-simplexml": "*",
                "php": "^7.2 || ^8.0",
                "phpstan/phpstan": "^1.11"
            },
            "conflict": {
                "symfony/framework-bundle": "<3.0"
            },
            "require-dev": {
                "nikic/php-parser": "^4.13.0",
                "php-parallel-lint/php-parallel-lint": "^1.2",
                "phpstan/phpstan-phpunit": "^1.3.11",
                "phpstan/phpstan-strict-rules": "^1.5.1",
                "phpunit/phpunit": "^8.5.29 || ^9.5",
                "psr/container": "1.0 || 1.1.1",
                "symfony/config": "^5.4 || ^6.1",
                "symfony/console": "^5.4 || ^6.1",
                "symfony/dependency-injection": "^5.4 || ^6.1",
                "symfony/form": "^5.4 || ^6.1",
                "symfony/framework-bundle": "^5.4 || ^6.1",
                "symfony/http-foundation": "^5.4 || ^6.1",
                "symfony/messenger": "^5.4",
                "symfony/polyfill-php80": "^1.24",
                "symfony/serializer": "^5.4",
                "symfony/service-contracts": "^2.2.0"
            },
            "type": "phpstan-extension",
            "extra": {
                "phpstan": {
                    "includes": [
                        "extension.neon",
                        "rules.neon"
                    ]
                }
            },
            "autoload": {
                "psr-4": {
                    "PHPStan\\": "src/"
                }
            },
            "notification-url": "https://packagist.org/downloads/",
            "license": [
                "MIT"
            ],
            "authors": [
                {
                    "name": "Lukáš Unger",
                    "email": "looky.msc@gmail.com",
                    "homepage": "https://lookyman.net"
                }
            ],
            "description": "Symfony Framework extensions and rules for PHPStan",
            "support": {
                "issues": "https://github.com/phpstan/phpstan-symfony/issues",
                "source": "https://github.com/phpstan/phpstan-symfony/tree/1.4.5"
            },
            "time": "2024-06-26T12:19:42+00:00"
        }
    ],
    "packages-dev": [],
    "aliases": [],
    "minimum-stability": "stable",
    "stability-flags": [],
    "prefer-stable": false,
    "prefer-lowest": false,
    "platform": [],
    "platform-dev": [],
    "plugin-api-version": "2.6.0"
}
